
Microsoft Visual Studio Solution File, Format Version 12.00
# Visual Studio Version 17
VisualStudioVersion = 17.7.34202.233
MinimumVisualStudioVersion = 10.0.40219.1
Project("{FAE04EC0-301F-11D3-BF4B-00C04F79EFBC}") = "CleanMovie.Domain", "CleanMovie.Domain\CleanMovie.Domain.csproj", "{ABA4C1AF-6D8C-49E5-B744-8D8B474AC17D}"
EndProject
Project("{FAE04EC0-301F-11D3-BF4B-00C04F79EFBC}") = "CleanMovie.Application", "CleanMovie.Application\CleanMovie.Application.csproj", "{334CF678-9E47-4E30-9735-D4FC93FFA73E}"
EndProject
Project("{FAE04EC0-301F-11D3-BF4B-00C04F79EFBC}") = "CleanMovie.Infrastructure", "CleanMovie.Infrastructure\CleanMovie.Infrastructure.csproj", "{50F17929-75FD-4E42-BEB5-0D0BD87D9B38}"
EndProject
Project("{FAE04EC0-301F-11D3-BF4B-00C04F79EFBC}") = "CleanMovie.API", "CleanMovie.API\CleanMovie.API.csproj", "{10B38C32-5400-4A9C-8F18-EEA19F5AB7B7}"
EndProject
Global
	GlobalSection(SolutionConfigurationPlatforms) = preSolution
		Debug|Any CPU = Debug|Any CPU
		Release|Any CPU = Release|Any CPU
	EndGlobalSection
	GlobalSection(ProjectConfigurationPlatforms) = postSolution
		{ABA4C1AF-6D8C-49E5-B744-8D8B474AC17D}.Debug|Any CPU.ActiveCfg = Debug|Any CPU
		{ABA4C1AF-6D8C-49E5-B744-8D8B474AC17D}.Debug|Any CPU.Build.0 = Debug|Any CPU
		{ABA4C1AF-6D8C-49E5-B744-8D8B474AC17D}.Release|Any CPU.ActiveCfg = Release|Any CPU
		{ABA4C1AF-6D8C-49E5-B744-8D8B474AC17D}.Release|Any CPU.Build.0 = Release|Any CPU
		{334CF678-9E47-4E30-9735-D4FC93FFA73E}.Debug|Any CPU.ActiveCfg = Debug|Any CPU
		{334CF678-9E47-4E30-9735-D4FC93FFA73E}.Debug|Any CPU.Build.0 = Debug|Any CPU
		{334CF678-9E47-4E30-9735-D4FC93FFA73E}.Release|Any CPU.ActiveCfg = Release|Any CPU
		{334CF678-9E47-4E30-9735-D4FC93FFA73E}.Release|Any CPU.Build.0 = Release|Any CPU
		{50F17929-75FD-4E42-BEB5-0D0BD87D9B38}.Debug|Any CPU.ActiveCfg = Debug|Any CPU
		{50F17929-75FD-4E42-BEB5-0D0BD87D9B38}.Debug|Any CPU.Build.0 = Debug|Any CPU
		{50F17929-75FD-4E42-BEB5-0D0BD87D9B38}.Release|Any CPU.ActiveCfg = Release|Any CPU
		{50F17929-75FD-4E42-BEB5-0D0BD87D9B38}.Release|Any CPU.Build.0 = Release|Any CPU
		{10B38C32-5400-4A9C-8F18-EEA19F5AB7B7}.Debug|Any CPU.ActiveCfg = Debug|Any CPU
		{10B38C32-5400-4A9C-8F18-EEA19F5AB7B7}.Debug|Any CPU.Build.0 = Debug|Any CPU
		{10B38C32-5400-4A9C-8F18-EEA19F5AB7B7}.Release|Any CPU.ActiveCfg = Release|Any CPU
		{10B38C32-5400-4A9C-8F18-EEA19F5AB7B7}.Release|Any CPU.Build.0 = Release|Any CPU
	EndGlobalSection
	GlobalSection(SolutionProperties) = preSolution
		HideSolutionNode = FALSE
	EndGlobalSection
	GlobalSection(ExtensibilityGlobals) = postSolution
		SolutionGuid = {DB1F06CF-4F90-436B-A639-D3F6FE705E8C}
	EndGlobalSection
EndGlobal
